
Microsoft Visual Studio Solution File, Format Version 11.00
# Visual Studio 2010
Project("{8BC9CEB8-8B4A-11D0-8D11-00A0C91BC942}") = "special", "special.vcxproj", "{61BD1ADF-33B7-F539-7FF6-1557950CE217}"
	ProjectSection(ProjectDependencies) = postProject
		{0A8F1D0A-4795-4369-99E6-8F5ACC53D1C3} = {0A8F1D0A-4795-4369-99E6-8F5ACC53D1C3}
		{CD80DF1D-0B0F-4C14-94FA-3BA563E6DFB1} = {CD80DF1D-0B0F-4C14-94FA-3BA563E6DFB1}
		{B2BA5321-E92E-4E0A-B85D-9A8CB1AF834F} = {B2BA5321-E92E-4E0A-B85D-9A8CB1AF834F}
		{26B3B323-37A5-4449-870A-8356699C1E7D} = {26B3B323-37A5-4449-870A-8356699C1E7D}
		{D7221830-378A-4FDB-BA4F-61A80C9C0955} = {D7221830-378A-4FDB-BA4F-61A80C9C0955}
		{3B7AF75A-0B14-4A9A-AA33-7AD752BCFB8A} = {3B7AF75A-0B14-4A9A-AA33-7AD752BCFB8A}
		{4C2E6098-39CA-42C1-B1FB-334BC7233029} = {4C2E6098-39CA-42C1-B1FB-334BC7233029}
	EndProjectSection
EndProject
Project("{6989167D-11E4-40FE-8C1A-2192A86A7E90}") = "amos", "amos\amos.vfproj", "{3B7AF75A-0B14-4A9A-AA33-7AD752BCFB8A}"
EndProject
Project("{8BC9CEB8-8B4A-11D0-8D11-00A0C91BC942}") = "c_misc", "c_misc\c_misc.vcxproj", "{CD80DF1D-0B0F-4C14-94FA-3BA563E6DFB1}"
EndProject
Project("{6989167D-11E4-40FE-8C1A-2192A86A7E90}") = "specfun", "specfun\specfun.vfproj", "{4C2E6098-39CA-42C1-B1FB-334BC7233029}"
EndProject
Project("{8BC9CEB8-8B4A-11D0-8D11-00A0C91BC942}") = "cephes", "cephes\cephes.vcxproj", "{0A8F1D0A-4795-4369-99E6-8F5ACC53D1C3}"
EndProject
Project("{6989167D-11E4-40FE-8C1A-2192A86A7E90}") = "mach", "mach\mach.vfproj", "{B2BA5321-E92E-4E0A-B85D-9A8CB1AF834F}"
EndProject
Project("{6989167D-11E4-40FE-8C1A-2192A86A7E90}") = "cdflib", "cdflib\cdflib.vfproj", "{26B3B323-37A5-4449-870A-8356699C1E7D}"
EndProject
Project("{6989167D-11E4-40FE-8C1A-2192A86A7E90}") = "toms", "toms\toms.vfproj", "{D7221830-378A-4FDB-BA4F-61A80C9C0955}"
EndProject
Global
	GlobalSection(SolutionConfigurationPlatforms) = preSolution
		Debug|Win32 = Debug|Win32
		Release|Win32 = Release|Win32
	EndGlobalSection
	GlobalSection(ProjectConfigurationPlatforms) = postSolution
		{61BD1ADF-33B7-F539-7FF6-1557950CE217}.Debug|Win32.ActiveCfg = Debug|Win32
		{61BD1ADF-33B7-F539-7FF6-1557950CE217}.Debug|Win32.Build.0 = Debug|Win32
		{61BD1ADF-33B7-F539-7FF6-1557950CE217}.Release|Win32.ActiveCfg = Release|Win32
		{61BD1ADF-33B7-F539-7FF6-1557950CE217}.Release|Win32.Build.0 = Release|Win32
		{3B7AF75A-0B14-4A9A-AA33-7AD752BCFB8A}.Debug|Win32.ActiveCfg = Debug|Win32
		{3B7AF75A-0B14-4A9A-AA33-7AD752BCFB8A}.Debug|Win32.Build.0 = Debug|Win32
		{3B7AF75A-0B14-4A9A-AA33-7AD752BCFB8A}.Release|Win32.ActiveCfg = Release|Win32
		{3B7AF75A-0B14-4A9A-AA33-7AD752BCFB8A}.Release|Win32.Build.0 = Release|Win32
		{CD80DF1D-0B0F-4C14-94FA-3BA563E6DFB1}.Debug|Win32.ActiveCfg = Debug|Win32
		{CD80DF1D-0B0F-4C14-94FA-3BA563E6DFB1}.Debug|Win32.Build.0 = Debug|Win32
		{CD80DF1D-0B0F-4C14-94FA-3BA563E6DFB1}.Release|Win32.ActiveCfg = Release|Win32
		{CD80DF1D-0B0F-4C14-94FA-3BA563E6DFB1}.Release|Win32.Build.0 = Release|Win32
		{4C2E6098-39CA-42C1-B1FB-334BC7233029}.Debug|Win32.ActiveCfg = Debug|Win32
		{4C2E6098-39CA-42C1-B1FB-334BC7233029}.Debug|Win32.Build.0 = Debug|Win32
		{4C2E6098-39CA-42C1-B1FB-334BC7233029}.Release|Win32.ActiveCfg = Release|Win32
		{4C2E6098-39CA-42C1-B1FB-334BC7233029}.Release|Win32.Build.0 = Release|Win32
		{0A8F1D0A-4795-4369-99E6-8F5ACC53D1C3}.Debug|Win32.ActiveCfg = Debug|Win32
		{0A8F1D0A-4795-4369-99E6-8F5ACC53D1C3}.Debug|Win32.Build.0 = Debug|Win32
		{0A8F1D0A-4795-4369-99E6-8F5ACC53D1C3}.Release|Win32.ActiveCfg = Release|Win32
		{0A8F1D0A-4795-4369-99E6-8F5ACC53D1C3}.Release|Win32.Build.0 = Release|Win32
		{B2BA5321-E92E-4E0A-B85D-9A8CB1AF834F}.Debug|Win32.ActiveCfg = Debug|Win32
		{B2BA5321-E92E-4E0A-B85D-9A8CB1AF834F}.Debug|Win32.Build.0 = Debug|Win32
		{B2BA5321-E92E-4E0A-B85D-9A8CB1AF834F}.Release|Win32.ActiveCfg = Release|Win32
		{B2BA5321-E92E-4E0A-B85D-9A8CB1AF834F}.Release|Win32.Build.0 = Release|Win32
		{26B3B323-37A5-4449-870A-8356699C1E7D}.Debug|Win32.ActiveCfg = Debug|Win32
		{26B3B323-37A5-4449-870A-8356699C1E7D}.Debug|Win32.Build.0 = Debug|Win32
		{26B3B323-37A5-4449-870A-8356699C1E7D}.Release|Win32.ActiveCfg = Release|Win32
		{26B3B323-37A5-4449-870A-8356699C1E7D}.Release|Win32.Build.0 = Release|Win32
		{D7221830-378A-4FDB-BA4F-61A80C9C0955}.Debug|Win32.ActiveCfg = Debug|Win32
		{D7221830-378A-4FDB-BA4F-61A80C9C0955}.Debug|Win32.Build.0 = Debug|Win32
		{D7221830-378A-4FDB-BA4F-61A80C9C0955}.Release|Win32.ActiveCfg = Release|Win32
		{D7221830-378A-4FDB-BA4F-61A80C9C0955}.Release|Win32.Build.0 = Release|Win32
	EndGlobalSection
	GlobalSection(SolutionProperties) = preSolution
		HideSolutionNode = FALSE
	EndGlobalSection
EndGlobal
