
Microsoft Visual Studio Solution File, Format Version 11.00
# Visual Studio 2010
Project("{6989167D-11E4-40FE-8C1A-2192A86A7E90}") = "dfftpack", "dfftpack.vfproj", "{54E74064-7AB4-4620-9FDF-ECD3F088E462}"
EndProject
Project("{6989167D-11E4-40FE-8C1A-2192A86A7E90}") = "fftpack", "fftpack.vfproj", "{1D1BE1BD-C52C-4733-A067-6DA970F0DDEE}"
EndProject
Project("{8BC9CEB8-8B4A-11D0-8D11-00A0C91BC942}") = "_fftpack", "_fftpack.vcxproj", "{05608192-444C-5E17-3380-37D733BA971A}"
EndProject
Global
	GlobalSection(SolutionConfigurationPlatforms) = preSolution
		Debug|Win32 = Debug|Win32
		Release|Win32 = Release|Win32
	EndGlobalSection
	GlobalSection(ProjectConfigurationPlatforms) = postSolution
		{54E74064-7AB4-4620-9FDF-ECD3F088E462}.Debug|Win32.ActiveCfg = Debug|Win32
		{54E74064-7AB4-4620-9FDF-ECD3F088E462}.Debug|Win32.Build.0 = Debug|Win32
		{54E74064-7AB4-4620-9FDF-ECD3F088E462}.Release|Win32.ActiveCfg = Release|Win32
		{54E74064-7AB4-4620-9FDF-ECD3F088E462}.Release|Win32.Build.0 = Release|Win32
		{1D1BE1BD-C52C-4733-A067-6DA970F0DDEE}.Debug|Win32.ActiveCfg = Debug|Win32
		{1D1BE1BD-C52C-4733-A067-6DA970F0DDEE}.Debug|Win32.Build.0 = Debug|Win32
		{1D1BE1BD-C52C-4733-A067-6DA970F0DDEE}.Release|Win32.ActiveCfg = Release|Win32
		{1D1BE1BD-C52C-4733-A067-6DA970F0DDEE}.Release|Win32.Build.0 = Release|Win32
		{05608192-444C-5E17-3380-37D733BA971A}.Debug|Win32.ActiveCfg = Debug|Win32
		{05608192-444C-5E17-3380-37D733BA971A}.Debug|Win32.Build.0 = Debug|Win32
		{05608192-444C-5E17-3380-37D733BA971A}.Release|Win32.ActiveCfg = Release|Win32
		{05608192-444C-5E17-3380-37D733BA971A}.Release|Win32.Build.0 = Release|Win32
	EndGlobalSection
	GlobalSection(SolutionProperties) = preSolution
		HideSolutionNode = FALSE
	EndGlobalSection
EndGlobal
