
Microsoft Visual Studio Solution File, Format Version 11.00
# Visual Studio 2010
Project("{8BC9CEB8-8B4A-11D0-8D11-00A0C91BC942}") = "ndimage", "ndimage.vcxproj", "{48B07B5F-5EB1-499B-85DB-7F59D0E67B37}"
EndProject
Project("{8BC9CEB8-8B4A-11D0-8D11-00A0C91BC942}") = "src", "src\src.vcxproj", "{B8292329-F483-4B07-B1EB-E25C0FFBCADD}"
EndProject
Global
	GlobalSection(SolutionConfigurationPlatforms) = preSolution
		Debug|Win32 = Debug|Win32
		Release|Win32 = Release|Win32
	EndGlobalSection
	GlobalSection(ProjectConfigurationPlatforms) = postSolution
		{48B07B5F-5EB1-499B-85DB-7F59D0E67B37}.Debug|Win32.ActiveCfg = Debug|Win32
		{48B07B5F-5EB1-499B-85DB-7F59D0E67B37}.Debug|Win32.Build.0 = Debug|Win32
		{48B07B5F-5EB1-499B-85DB-7F59D0E67B37}.Release|Win32.ActiveCfg = Release|Win32
		{48B07B5F-5EB1-499B-85DB-7F59D0E67B37}.Release|Win32.Build.0 = Release|Win32
		{B8292329-F483-4B07-B1EB-E25C0FFBCADD}.Debug|Win32.ActiveCfg = Debug|Win32
		{B8292329-F483-4B07-B1EB-E25C0FFBCADD}.Debug|Win32.Build.0 = Debug|Win32
		{B8292329-F483-4B07-B1EB-E25C0FFBCADD}.Release|Win32.ActiveCfg = Release|Win32
		{B8292329-F483-4B07-B1EB-E25C0FFBCADD}.Release|Win32.Build.0 = Release|Win32
	EndGlobalSection
	GlobalSection(SolutionProperties) = preSolution
		HideSolutionNode = FALSE
	EndGlobalSection
EndGlobal
